# This file is autogenerated, do not edit; changes may be undone by the next 'dep ensure'.


[[projects]]
  branch = "master"
  name = "github.com/Benjamintf1/Expanded-Unmarshalled-Matchers"
  packages = ["."]
  revision = "b245e6d25b08517ce0853aa201c1f6fac9bcea43"

[[projects]]
  branch = "go1"
  name = "github.com/alphazero/Go-Redis"
  packages = ["."]
  revision = "a0637b1543645181061469efea75f57ad2e3f23a"

[[projects]]
  name = "github.com/fsnotify/fsnotify"
  packages = ["."]
  revision = "c2828203cd70a50dcccfb2761f8b1f8ceef9a8e9"
  version = "v1.4.7"

[[projects]]
  name = "github.com/go-sql-driver/mysql"
  packages = ["."]
  revision = "a0583e0143b1624142adab07e0e97fe106d99561"
  version = "v1.3"

[[projects]]
  branch = "master"
  name = "github.com/golang/snappy"
  packages = ["."]
  revision = "553a641470496b2327abcac10b36396bd98e45c9"

[[projects]]
  branch = "master"
  name = "github.com/hashicorp/hcl"
  packages = [".","hcl/ast","hcl/parser","hcl/printer","hcl/scanner","hcl/strconv","hcl/token","json/parser","json/scanner","json/token"]
  revision = "ef8a98b0bbce4a65b5aa4c368430a80ddc533168"

[[projects]]
  branch = "master"
  name = "github.com/joaosoft/go-error"
  packages = ["app"]
  revision = "1d69617e638d542f7377639e580061a541d9073e"

[[projects]]
  branch = "master"
  name = "github.com/joaosoft/go-log"
  packages = ["app"]
  revision = "a6f5cd4aea4eee23d9717651365df15375fff27f"

[[projects]]
  branch = "master"
  name = "github.com/joaosoft/go-manager"
  packages = ["app"]
  revision = "45db3ffbc1ea059c71930508d7238a023e36e02c"

[[projects]]
  branch = "master"
  name = "github.com/joaosoft/go-mapper"
  packages = ["app"]
  revision = "6eae36edd8e4df4607b5e41455670808517164ae"

[[projects]]
  branch = "master"
  name = "github.com/joaosoft/go-setup"
  packages = ["app"]
  revision = "699c144326a0db5c7a2b736d7802c167fa5db799"

[[projects]]
  branch = "master"
  name = "github.com/joaosoft/go-writer"
  packages = ["app"]
  revision = "791f32ceaea26e070eb198a04669b056558a1c2c"

[[projects]]
  name = "github.com/labstack/echo"
  packages = ["."]
  revision = "6d227dfea4d2e52cb76856120b3c17f758139b4e"
  version = "3.3.5"

[[projects]]
  name = "github.com/labstack/gommon"
  packages = ["color","log"]
  revision = "588f4e8bddc6cb45c27b448e925c7fd6a5545434"
  version = "0.2.5"

[[projects]]
  branch = "master"
  name = "github.com/lib/pq"
  packages = [".","oid"]
  revision = "d34b9ff171c21ad295489235aec8b6626023cd04"

[[projects]]
  name = "github.com/magiconair/properties"
  packages = ["."]
  revision = "c3beff4c2358b44d0493c7dda585e7db7ff28ae6"
  version = "v1.7.6"

[[projects]]
  name = "github.com/mattn/go-colorable"
  packages = ["."]
  revision = "167de6bfdfba052fa6b2d3664c8f5272e23c9072"
  version = "v0.0.9"

[[projects]]
  name = "github.com/mattn/go-isatty"
  packages = ["."]
  revision = "0360b2af4f38e8d38c7fce2a9f4e702702d73a39"
  version = "v0.0.3"

[[projects]]
  branch = "master"
  name = "github.com/mediocregopher/radix.v3"
  packages = [".","resp"]
  revision = "b5a766c05e2832a5c3d05ddebe09e9f7dffa3ee3"

[[projects]]
  branch = "master"
  name = "github.com/mitchellh/mapstructure"
  packages = ["."]
  revision = "00c29f56e2386353d58c599509e8dc3801b0d716"

[[projects]]
  name = "github.com/nsqio/go-nsq"
  packages = ["."]
  revision = "eee57a3ac4174c55924125bb15eeeda8cffb6e6f"
  version = "v1.0.7"

[[projects]]
  name = "github.com/onsi/gomega"
  packages = [".","format","internal/assertion","internal/asyncassertion","internal/oraclematcher","internal/testingtsupport","matchers","matchers/support/goraph/bipartitegraph","matchers/support/goraph/edge","matchers/support/goraph/node","matchers/support/goraph/util","types"]
  revision = "003f63b7f4cff3fc95357005358af2de0f5fe152"
  version = "v1.3.0"

[[projects]]
  name = "github.com/pelletier/go-toml"
  packages = ["."]
  revision = "acdc4509485b587f5e675510c4f2c63e90ff68a8"
  version = "v1.1.0"

[[projects]]
  name = "github.com/satori/go.uuid"
  packages = ["."]
  revision = "f58768cc1a7a7e77a3bd49e98cdd21419399b6a3"
  version = "v1.2.0"

[[projects]]
  name = "github.com/spf13/afero"
  packages = [".","mem"]
  revision = "63644898a8da0bc22138abf860edaf5277b6102e"
  version = "v1.1.0"

[[projects]]
  name = "github.com/spf13/cast"
  packages = ["."]
  revision = "8965335b8c7107321228e3e3702cab9832751bac"
  version = "v1.2.0"

[[projects]]
  branch = "master"
  name = "github.com/spf13/jwalterweatherman"
  packages = ["."]
  revision = "7c0cea34c8ece3fbeb2b27ab9b59511d360fb394"

[[projects]]
  name = "github.com/spf13/pflag"
  packages = ["."]
  revision = "583c0c0531f06d5278b7d917446061adc344b5cd"
  version = "v1.0.1"

[[projects]]
  name = "github.com/spf13/viper"
  packages = ["."]
  revision = "b5e8006cbee93ec955a89ab31e0e3ce3204f3736"
  version = "v1.0.2"

[[projects]]
  branch = "master"
  name = "github.com/valyala/bytebufferpool"
  packages = ["."]
  revision = "e746df99fe4a3986f4d4f79e13c1e0117ce9c2f7"

[[projects]]
  branch = "master"
  name = "github.com/valyala/fasttemplate"
  packages = ["."]
  revision = "dcecefd839c4193db0d35b88ec65b4c12d360ab0"

[[projects]]
  branch = "master"
  name = "golang.org/x/crypto"
  packages = ["acme","acme/autocert"]
  revision = "ae8bce0030810cf999bb2b9868ae5c7c58e6343b"

[[projects]]
  branch = "master"
  name = "golang.org/x/net"
  packages = ["html","html/atom","html/charset"]
  revision = "5f9ae10d9af5b1c89ae6904293b14b064d4ada23"

[[projects]]
  branch = "master"
  name = "golang.org/x/sys"
  packages = ["unix"]
  revision = "4adea008a5e5f820b6028611ae0b6b3fbcec534b"

[[projects]]
  name = "golang.org/x/text"
  packages = ["encoding","encoding/charmap","encoding/htmlindex","encoding/internal","encoding/internal/identifier","encoding/japanese","encoding/korean","encoding/simplifiedchinese","encoding/traditionalchinese","encoding/unicode","internal/gen","internal/tag","internal/triegen","internal/ucd","internal/utf8internal","language","runes","transform","unicode/cldr","unicode/norm"]
  revision = "f21a4dfb5e38f5895301dc265a8def02365cc3d0"
  version = "v0.3.0"

[[projects]]
  name = "gopkg.in/yaml.v2"
  packages = ["."]
  revision = "5420a8b6744d3b0345ab293f6fcba19c978f1183"
  version = "v2.2.1"

[solve-meta]
  analyzer-name = "dep"
  analyzer-version = 1
  inputs-digest = "c1b662317b9a9e35bb6dda4034ea038af13a2fdca1136198dc50483b8e04c85e"
  solver-name = "gps-cdcl"
  solver-version = 1
